// !$*UTF8*$!
{
	archiveVersion = 1;
	classes = {
	};
	objectVersion = 48;
	objects = {

/* Begin PBXBuildFile section */
		A40B76FA1FD943D200ED2CBB /* AppDelegate.m in Sources */ = {isa = PBXBuildFile; fileRef = A40B76F91FD943D200ED2CBB /* AppDelegate.m */; };
		A40B76FD1FD943D200ED2CBB /* ViewController.m in Sources */ = {isa = PBXBuildFile; fileRef = A40B76FC1FD943D200ED2CBB /* ViewController.m */; };
		A40B77001FD943D200ED2CBB /* Main.storyboard in Resources */ = {isa = PBXBuildFile; fileRef = A40B76FE1FD943D200ED2CBB /* Main.storyboard */; };
		A40B77021FD943D200ED2CBB /* Assets.xcassets in Resources */ = {isa = PBXBuildFile; fileRef = A40B77011FD943D200ED2CBB /* Assets.xcassets */; };
		A40B77051FD943D200ED2CBB /* LaunchScreen.storyboard in Resources */ = {isa = PBXBuildFile; fileRef = A40B77031FD943D200ED2CBB /* LaunchScreen.storyboard */; };
		A40B77081FD943D200ED2CBB /* main.m in Sources */ = {isa = PBXBuildFile; fileRef = A40B77071FD943D200ED2CBB /* main.m */; };
		A40B77121FD943D200ED2CBB /* iOS_____demoTests.m in Sources */ = {isa = PBXBuildFile; fileRef = A40B77111FD943D200ED2CBB /* iOS_____demoTests.m */; };
		A40B771D1FD943D200ED2CBB /* iOS_____demoUITests.m in Sources */ = {isa = PBXBuildFile; fileRef = A40B771C1FD943D200ED2CBB /* iOS_____demoUITests.m */; };
		A40B772C1FD9455200ED2CBB /* sumManager.m in Sources */ = {isa = PBXBuildFile; fileRef = A40B772B1FD9455200ED2CBB /* sumManager.m */; };
		A40B772F1FD9457B00ED2CBB /* NSObject+sum.m in Sources */ = {isa = PBXBuildFile; fileRef = A40B772E1FD9457B00ED2CBB /* NSObject+sum.m */; };
/* End PBXBuildFile section */

/* Begin PBXContainerItemProxy section */
		A40B770E1FD943D200ED2CBB /* PBXContainerItemProxy */ = {
			isa = PBXContainerItemProxy;
			containerPortal = A40B76ED1FD943D200ED2CBB /* Project object */;
			proxyType = 1;
			remoteGlobalIDString = A40B76F41FD943D200ED2CBB;
			remoteInfo = "iOS_链式编程demo";
		};
		A40B77191FD943D200ED2CBB /* PBXContainerItemProxy */ = {
			isa = PBXContainerItemProxy;
			containerPortal = A40B76ED1FD943D200ED2CBB /* Project object */;
			proxyType = 1;
			remoteGlobalIDString = A40B76F41FD943D200ED2CBB;
			remoteInfo = "iOS_链式编程demo";
		};
/* End PBXContainerItemProxy section */

/* Begin PBXFileReference section */
		A40B76F51FD943D200ED2CBB /* iOS_链式编程demo.app */ = {isa = PBXFileReference; explicitFileType = wrapper.application; includeInIndex = 0; path = "iOS_链式编程demo.app"; sourceTree = BUILT_PRODUCTS_DIR; };
		A40B76F81FD943D200ED2CBB /* AppDelegate.h */ = {isa = PBXFileReference; lastKnownFileType = sourcecode.c.h; path = AppDelegate.h; sourceTree = "<group>"; };
		A40B76F91FD943D200ED2CBB /* AppDelegate.m */ = {isa = PBXFileReference; lastKnownFileType = sourcecode.c.objc; path = AppDelegate.m; sourceTree = "<group>"; };
		A40B76FB1FD943D200ED2CBB /* ViewController.h */ = {isa = PBXFileReference; lastKnownFileType = sourcecode.c.h; path = ViewController.h; sourceTree = "<group>"; };
		A40B76FC1FD943D200ED2CBB /* ViewController.m */ = {isa = PBXFileReference; lastKnownFileType = sourcecode.c.objc; path = ViewController.m; sourceTree = "<group>"; };
		A40B76FF1FD943D200ED2CBB /* Base */ = {isa = PBXFileReference; lastKnownFileType = file.storyboard; name = Base; path = Base.lproj/Main.storyboard; sourceTree = "<group>"; };
		A40B77011FD943D200ED2CBB /* Assets.xcassets */ = {isa = PBXFileReference; lastKnownFileType = folder.assetcatalog; path = Assets.xcassets; sourceTree = "<group>"; };
		A40B77041FD943D200ED2CBB /* Base */ = {isa = PBXFileReference; lastKnownFileType = file.storyboard; name = Base; path = Base.lproj/LaunchScreen.storyboard; sourceTree = "<group>"; };
		A40B77061FD943D200ED2CBB /* Info.plist */ = {isa = PBXFileReference; lastKnownFileType = text.plist.xml; path = Info.plist; sourceTree = "<group>"; };
		A40B77071FD943D200ED2CBB /* main.m */ = {isa = PBXFileReference; lastKnownFileType = sourcecode.c.objc; path = main.m; sourceTree = "<group>"; };
		A40B770D1FD943D200ED2CBB /* iOS_链式编程demoTests.xctest */ = {isa = PBXFileReference; explicitFileType = wrapper.cfbundle; includeInIndex = 0; path = "iOS_链式编程demoTests.xctest"; sourceTree = BUILT_PRODUCTS_DIR; };
		A40B77111FD943D200ED2CBB /* iOS_____demoTests.m */ = {isa = PBXFileReference; lastKnownFileType = sourcecode.c.objc; path = "iOS_____demoTests.m"; sourceTree = "<group>"; };
		A40B77131FD943D200ED2CBB /* Info.plist */ = {isa = PBXFileReference; lastKnownFileType = text.plist.xml; path = Info.plist; sourceTree = "<group>"; };
		A40B77181FD943D200ED2CBB /* iOS_链式编程demoUITests.xctest */ = {isa = PBXFileReference; explicitFileType = wrapper.cfbundle; includeInIndex = 0; path = "iOS_链式编程demoUITests.xctest"; sourceTree = BUILT_PRODUCTS_DIR; };
		A40B771C1FD943D200ED2CBB /* iOS_____demoUITests.m */ = {isa = PBXFileReference; lastKnownFileType = sourcecode.c.objc; path = "iOS_____demoUITests.m"; sourceTree = "<group>"; };
		A40B771E1FD943D200ED2CBB /* Info.plist */ = {isa = PBXFileReference; lastKnownFileType = text.plist.xml; path = Info.plist; sourceTree = "<group>"; };
		A40B772A1FD9455200ED2CBB /* sumManager.h */ = {isa = PBXFileReference; lastKnownFileType = sourcecode.c.h; path = sumManager.h; sourceTree = "<group>"; };
		A40B772B1FD9455200ED2CBB /* sumManager.m */ = {isa = PBXFileReference; lastKnownFileType = sourcecode.c.objc; path = sumManager.m; sourceTree = "<group>"; };
		A40B772D1FD9457B00ED2CBB /* NSObject+sum.h */ = {isa = PBXFileReference; lastKnownFileType = sourcecode.c.h; path = "NSObject+sum.h"; sourceTree = "<group>"; };
		A40B772E1FD9457B00ED2CBB /* NSObject+sum.m */ = {isa = PBXFileReference; lastKnownFileType = sourcecode.c.objc; path = "NSObject+sum.m"; sourceTree = "<group>"; };
/* End PBXFileReference section */

/* Begin PBXFrameworksBuildPhase section */
		A40B76F21FD943D200ED2CBB /* Frameworks */ = {
			isa = PBXFrameworksBuildPhase;
			buildActionMask = 2147483647;
			files = (
			);
			runOnlyForDeploymentPostprocessing = 0;
		};
		A40B770A1FD943D200ED2CBB /* Frameworks */ = {
			isa = PBXFrameworksBuildPhase;
			buildActionMask = 2147483647;
			files = (
			);
			runOnlyForDeploymentPostprocessing = 0;
		};
		A40B77151FD943D200ED2CBB /* Frameworks */ = {
			isa = PBXFrameworksBuildPhase;
			buildActionMask = 2147483647;
			files = (
			);
			runOnlyForDeploymentPostprocessing = 0;
		};
/* End PBXFrameworksBuildPhase section */

/* Begin PBXGroup section */
		A40B76EC1FD943D200ED2CBB = {
			isa = PBXGroup;
			children = (
				A40B76F71FD943D200ED2CBB /* iOS_链式编程demo */,
				A40B77101FD943D200ED2CBB /* iOS_链式编程demoTests */,
				A40B771B1FD943D200ED2CBB /* iOS_链式编程demoUITests */,
				A40B76F61FD943D200ED2CBB /* Products */,
			);
			sourceTree = "<group>";
		};
		A40B76F61FD943D200ED2CBB /* Products */ = {
			isa = PBXGroup;
			children = (
				A40B76F51FD943D200ED2CBB /* iOS_链式编程demo.app */,
				A40B770D1FD943D200ED2CBB /* iOS_链式编程demoTests.xctest */,
				A40B77181FD943D200ED2CBB /* iOS_链式编程demoUITests.xctest */,
			);
			name = Products;
			sourceTree = "<group>";
		};
		A40B76F71FD943D200ED2CBB /* iOS_链式编程demo */ = {
			isa = PBXGroup;
			children = (
				A40B76F81FD943D200ED2CBB /* AppDelegate.h */,
				A40B76F91FD943D200ED2CBB /* AppDelegate.m */,
				A40B76FB1FD943D200ED2CBB /* ViewController.h */,
				A40B76FC1FD943D200ED2CBB /* ViewController.m */,
				A40B76FE1FD943D200ED2CBB /* Main.storyboard */,
				A40B77011FD943D200ED2CBB /* Assets.xcassets */,
				A40B77031FD943D200ED2CBB /* LaunchScreen.storyboard */,
				A40B77061FD943D200ED2CBB /* Info.plist */,
				A40B77071FD943D200ED2CBB /* main.m */,
				A40B772A1FD9455200ED2CBB /* sumManager.h */,
				A40B772B1FD9455200ED2CBB /* sumManager.m */,
				A40B772D1FD9457B00ED2CBB /* NSObject+sum.h */,
				A40B772E1FD9457B00ED2CBB /* NSObject+sum.m */,
			);
			path = "iOS_链式编程demo";
			sourceTree = "<group>";
		};
		A40B77101FD943D200ED2CBB /* iOS_链式编程demoTests */ = {
			isa = PBXGroup;
			children = (
				A40B77111FD943D200ED2CBB /* iOS_____demoTests.m */,
				A40B77131FD943D200ED2CBB /* Info.plist */,
			);
			path = "iOS_链式编程demoTests";
			sourceTree = "<group>";
		};
		A40B771B1FD943D200ED2CBB /* iOS_链式编程demoUITests */ = {
			isa = PBXGroup;
			children = (
				A40B771C1FD943D200ED2CBB /* iOS_____demoUITests.m */,
				A40B771E1FD943D200ED2CBB /* Info.plist */,
			);
			path = "iOS_链式编程demoUITests";
			sourceTree = "<group>";
		};
/* End PBXGroup section */

/* Begin PBXNativeTarget section */
		A40B76F41FD943D200ED2CBB /* iOS_链式编程demo */ = {
			isa = PBXNativeTarget;
			buildConfigurationList = A40B77211FD943D200ED2CBB /* Build configuration list for PBXNativeTarget "iOS_链式编程demo" */;
			buildPhases = (
				A40B76F11FD943D200ED2CBB /* Sources */,
				A40B76F21FD943D200ED2CBB /* Frameworks */,
				A40B76F31FD943D200ED2CBB /* Resources */,
			);
			buildRules = (
			);
			dependencies = (
			);
			name = "iOS_链式编程demo";
			productName = "iOS_链式编程demo";
			productReference = A40B76F51FD943D200ED2CBB /* iOS_链式编程demo.app */;
			productType = "com.apple.product-type.application";
		};
		A40B770C1FD943D200ED2CBB /* iOS_链式编程demoTests */ = {
			isa = PBXNativeTarget;
			buildConfigurationList = A40B77241FD943D200ED2CBB /* Build configuration list for PBXNativeTarget "iOS_链式编程demoTests" */;
			buildPhases = (
				A40B77091FD943D200ED2CBB /* Sources */,
				A40B770A1FD943D200ED2CBB /* Frameworks */,
				A40B770B1FD943D200ED2CBB /* Resources */,
			);
			buildRules = (
			);
			dependencies = (
				A40B770F1FD943D200ED2CBB /* PBXTargetDependency */,
			);
			name = "iOS_链式编程demoTests";
			productName = "iOS_链式编程demoTests";
			productReference = A40B770D1FD943D200ED2CBB /* iOS_链式编程demoTests.xctest */;
			productType = "com.apple.product-type.bundle.unit-test";
		};
		A40B77171FD943D200ED2CBB /* iOS_链式编程demoUITests */ = {
			isa = PBXNativeTarget;
			buildConfigurationList = A40B77271FD943D200ED2CBB /* Build configuration list for PBXNativeTarget "iOS_链式编程demoUITests" */;
			buildPhases = (
				A40B77141FD943D200ED2CBB /* Sources */,
				A40B77151FD943D200ED2CBB /* Frameworks */,
				A40B77161FD943D200ED2CBB /* Resources */,
			);
			buildRules = (
			);
			dependencies = (
				A40B771A1FD943D200ED2CBB /* PBXTargetDependency */,
			);
			name = "iOS_链式编程demoUITests";
			productName = "iOS_链式编程demoUITests";
			productReference = A40B77181FD943D200ED2CBB /* iOS_链式编程demoUITests.xctest */;
			productType = "com.apple.product-type.bundle.ui-testing";
		};
/* End PBXNativeTarget section */

/* Begin PBXProject section */
		A40B76ED1FD943D200ED2CBB /* Project object */ = {
			isa = PBXProject;
			attributes = {
				LastUpgradeCheck = 0910;
				ORGANIZATIONNAME = gyd;
				TargetAttributes = {
					A40B76F41FD943D200ED2CBB = {
						CreatedOnToolsVersion = 9.1;
						ProvisioningStyle = Automatic;
					};
					A40B770C1FD943D200ED2CBB = {
						CreatedOnToolsVersion = 9.1;
						ProvisioningStyle = Automatic;
						TestTargetID = A40B76F41FD943D200ED2CBB;
					};
					A40B77171FD943D200ED2CBB = {
						CreatedOnToolsVersion = 9.1;
						ProvisioningStyle = Automatic;
						TestTargetID = A40B76F41FD943D200ED2CBB;
					};
				};
			};
			buildConfigurationList = A40B76F01FD943D200ED2CBB /* Build configuration list for PBXProject "iOS_链式编程demo" */;
			compatibilityVersion = "Xcode 8.0";
			developmentRegion = en;
			hasScannedForEncodings = 0;
			knownRegions = (
				en,
				Base,
			);
			mainGroup = A40B76EC1FD943D200ED2CBB;
			productRefGroup = A40B76F61FD943D200ED2CBB /* Products */;
			projectDirPath = "";
			projectRoot = "";
			targets = (
				A40B76F41FD943D200ED2CBB /* iOS_链式编程demo */,
				A40B770C1FD943D200ED2CBB /* iOS_链式编程demoTests */,
				A40B77171FD943D200ED2CBB /* iOS_链式编程demoUITests */,
			);
		};
/* End PBXProject section */

/* Begin PBXResourcesBuildPhase section */
		A40B76F31FD943D200ED2CBB /* Resources */ = {
			isa = PBXResourcesBuildPhase;
			buildActionMask = 2147483647;
			files = (
				A40B77051FD943D200ED2CBB /* LaunchScreen.storyboard in Resources */,
				A40B77021FD943D200ED2CBB /* Assets.xcassets in Resources */,
				A40B77001FD943D200ED2CBB /* Main.storyboard in Resources */,
			);
			runOnlyForDeploymentPostprocessing = 0;
		};
		A40B770B1FD943D200ED2CBB /* Resources */ = {
			isa = PBXResourcesBuildPhase;
			buildActionMask = 2147483647;
			files = (
			);
			runOnlyForDeploymentPostprocessing = 0;
		};
		A40B77161FD943D200ED2CBB /* Resources */ = {
			isa = PBXResourcesBuildPhase;
			buildActionMask = 2147483647;
			files = (
			);
			runOnlyForDeploymentPostprocessing = 0;
		};
/* End PBXResourcesBuildPhase section */

/* Begin PBXSourcesBuildPhase section */
		A40B76F11FD943D200ED2CBB /* Sources */ = {
			isa = PBXSourcesBuildPhase;
			buildActionMask = 2147483647;
			files = (
				A40B76FD1FD943D200ED2CBB /* ViewController.m in Sources */,
				A40B77081FD943D200ED2CBB /* main.m in Sources */,
				A40B772F1FD9457B00ED2CBB /* NSObject+sum.m in Sources */,
				A40B76FA1FD943D200ED2CBB /* AppDelegate.m in Sources */,
				A40B772C1FD9455200ED2CBB /* sumManager.m in Sources */,
			);
			runOnlyForDeploymentPostprocessing = 0;
		};
		A40B77091FD943D200ED2CBB /* Sources */ = {
			isa = PBXSourcesBuildPhase;
			buildActionMask = 2147483647;
			files = (
				A40B77121FD943D200ED2CBB /* iOS_____demoTests.m in Sources */,
			);
			runOnlyForDeploymentPostprocessing = 0;
		};
		A40B77141FD943D200ED2CBB /* Sources */ = {
			isa = PBXSourcesBuildPhase;
			buildActionMask = 2147483647;
			files = (
				A40B771D1FD943D200ED2CBB /* iOS_____demoUITests.m in Sources */,
			);
			runOnlyForDeploymentPostprocessing = 0;
		};
/* End PBXSourcesBuildPhase section */

/* Begin PBXTargetDependency section */
		A40B770F1FD943D200ED2CBB /* PBXTargetDependency */ = {
			isa = PBXTargetDependency;
			target = A40B76F41FD943D200ED2CBB /* iOS_链式编程demo */;
			targetProxy = A40B770E1FD943D200ED2CBB /* PBXContainerItemProxy */;
		};
		A40B771A1FD943D200ED2CBB /* PBXTargetDependency */ = {
			isa = PBXTargetDependency;
			target = A40B76F41FD943D200ED2CBB /* iOS_链式编程demo */;
			targetProxy = A40B77191FD943D200ED2CBB /* PBXContainerItemProxy */;
		};
/* End PBXTargetDependency section */

/* Begin PBXVariantGroup section */
		A40B76FE1FD943D200ED2CBB /* Main.storyboard */ = {
			isa = PBXVariantGroup;
			children = (
				A40B76FF1FD943D200ED2CBB /* Base */,
			);
			name = Main.storyboard;
			sourceTree = "<group>";
		};
		A40B77031FD943D200ED2CBB /* LaunchScreen.storyboard */ = {
			isa = PBXVariantGroup;
			children = (
				A40B77041FD943D200ED2CBB /* Base */,
			);
			name = LaunchScreen.storyboard;
			sourceTree = "<group>";
		};
/* End PBXVariantGroup section */

/* Begin XCBuildConfiguration section */
		A40B771F1FD943D200ED2CBB /* Debug */ = {
			isa = XCBuildConfiguration;
			buildSettings = {
				ALWAYS_SEARCH_USER_PATHS = NO;
				CLANG_ANALYZER_NONNULL = YES;
				CLANG_ANALYZER_NUMBER_OBJECT_CONVERSION = YES_AGGRESSIVE;
				CLANG_CXX_LANGUAGE_STANDARD = "gnu++14";
				CLANG_CXX_LIBRARY = "libc++";
				CLANG_ENABLE_MODULES = YES;
				CLANG_ENABLE_OBJC_ARC = YES;
				CLANG_WARN_BLOCK_CAPTURE_AUTORELEASING = YES;
				CLANG_WARN_BOOL_CONVERSION = YES;
				CLANG_WARN_COMMA = YES;
				CLANG_WARN_CONSTANT_CONVERSION = YES;
				CLANG_WARN_DIRECT_OBJC_ISA_USAGE = YES_ERROR;
				CLANG_WARN_DOCUMENTATION_COMMENTS = YES;
				CLANG_WARN_EMPTY_BODY = YES;
				CLANG_WARN_ENUM_CONVERSION = YES;
				CLANG_WARN_INFINITE_RECURSION = YES;
				CLANG_WARN_INT_CONVERSION = YES;
				CLANG_WARN_NON_LITERAL_NULL_CONVERSION = YES;
				CLANG_WARN_OBJC_LITERAL_CONVERSION = YES;
				CLANG_WARN_OBJC_ROOT_CLASS = YES_ERROR;
				CLANG_WARN_RANGE_LOOP_ANALYSIS = YES;
				CLANG_WARN_STRICT_PROTOTYPES = YES;
				CLANG_WARN_SUSPICIOUS_MOVE = YES;
				CLANG_WARN_UNGUARDED_AVAILABILITY = YES_AGGRESSIVE;
				CLANG_WARN_UNREACHABLE_CODE = YES;
				CLANG_WARN__DUPLICATE_METHOD_MATCH = YES;
				CODE_SIGN_IDENTITY = "iPhone Developer";
				COPY_PHASE_STRIP = NO;
				DEBUG_INFORMATION_FORMAT = dwarf;
				ENABLE_STRICT_OBJC_MSGSEND = YES;
				ENABLE_TESTABILITY = YES;
				GCC_C_LANGUAGE_STANDARD = gnu11;
				GCC_DYNAMIC_NO_PIC = NO;
				GCC_NO_COMMON_BLOCKS = YES;
				GCC_OPTIMIZATION_LEVEL = 0;
				GCC_PREPROCESSOR_DEFINITIONS = (
					"DEBUG=1",
					"$(inherited)",
				);
				GCC_WARN_64_TO_32_BIT_CONVERSION = YES;
				GCC_WARN_ABOUT_RETURN_TYPE = YES_ERROR;
				GCC_WARN_UNDECLARED_SELECTOR = YES;
				GCC_WARN_UNINITIALIZED_AUTOS = YES_AGGRESSIVE;
				GCC_WARN_UNUSED_FUNCTION = YES;
				GCC_WARN_UNUSED_VARIABLE = YES;
				IPHONEOS_DEPLOYMENT_TARGET = 11.1;
				MTL_ENABLE_DEBUG_INFO = YES;
				ONLY_ACTIVE_ARCH = YES;
				SDKROOT = iphoneos;
			};
			name = Debug;
		};
		A40B77201FD943D200ED2CBB /* Release */ = {
			isa = XCBuildConfiguration;
			buildSettings = {
				ALWAYS_SEARCH_USER_PATHS = NO;
				CLANG_ANALYZER_NONNULL = YES;
				CLANG_ANALYZER_NUMBER_OBJECT_CONVERSION = YES_AGGRESSIVE;
				CLANG_CXX_LANGUAGE_STANDARD = "gnu++14";
				CLANG_CXX_LIBRARY = "libc++";
				CLANG_ENABLE_MODULES = YES;
				CLANG_ENABLE_OBJC_ARC = YES;
				CLANG_WARN_BLOCK_CAPTURE_AUTORELEASING = YES;
				CLANG_WARN_BOOL_CONVERSION = YES;
				CLANG_WARN_COMMA = YES;
				CLANG_WARN_CONSTANT_CONVERSION = YES;
				CLANG_WARN_DIRECT_OBJC_ISA_USAGE = YES_ERROR;
				CLANG_WARN_DOCUMENTATION_COMMENTS = YES;
				CLANG_WARN_EMPTY_BODY = YES;
				CLANG_WARN_ENUM_CONVERSION = YES;
				CLANG_WARN_INFINITE_RECURSION = YES;
				CLANG_WARN_INT_CONVERSION = YES;
				CLANG_WARN_NON_LITERAL_NULL_CONVERSION = YES;
				CLANG_WARN_OBJC_LITERAL_CONVERSION = YES;
				CLANG_WARN_OBJC_ROOT_CLASS = YES_ERROR;
				CLANG_WARN_RANGE_LOOP_ANALYSIS = YES;
				CLANG_WARN_STRICT_PROTOTYPES = YES;
				CLANG_WARN_SUSPICIOUS_MOVE = YES;
				CLANG_WARN_UNGUARDED_AVAILABILITY = YES_AGGRESSIVE;
				CLANG_WARN_UNREACHABLE_CODE = YES;
				CLANG_WARN__DUPLICATE_METHOD_MATCH = YES;
				CODE_SIGN_IDENTITY = "iPhone Developer";
				COPY_PHASE_STRIP = NO;
				DEBUG_INFORMATION_FORMAT = "dwarf-with-dsym";
				ENABLE_NS_ASSERTIONS = NO;
				ENABLE_STRICT_OBJC_MSGSEND = YES;
				GCC_C_LANGUAGE_STANDARD = gnu11;
				GCC_NO_COMMON_BLOCKS = YES;
				GCC_WARN_64_TO_32_BIT_CONVERSION = YES;
				GCC_WARN_ABOUT_RETURN_TYPE = YES_ERROR;
				GCC_WARN_UNDECLARED_SELECTOR = YES;
				GCC_WARN_UNINITIALIZED_AUTOS = YES_AGGRESSIVE;
				GCC_WARN_UNUSED_FUNCTION = YES;
				GCC_WARN_UNUSED_VARIABLE = YES;
				IPHONEOS_DEPLOYMENT_TARGET = 11.1;
				MTL_ENABLE_DEBUG_INFO = NO;
				SDKROOT = iphoneos;
				VALIDATE_PRODUCT = YES;
			};
			name = Release;
		};
		A40B77221FD943D200ED2CBB /* Debug */ = {
			isa = XCBuildConfiguration;
			buildSettings = {
				ASSETCATALOG_COMPILER_APPICON_NAME = AppIcon;
				CODE_SIGN_STYLE = Automatic;
				DEVELOPMENT_TEAM = BZZD9JNU3F;
				INFOPLIST_FILE = "iOS_链式编程demo/Info.plist";
				LD_RUNPATH_SEARCH_PATHS = "$(inherited) @executable_path/Frameworks";
				PRODUCT_BUNDLE_IDENTIFIER = "com.gyd.iOS-----demo";
				PRODUCT_NAME = "$(TARGET_NAME)";
				TARGETED_DEVICE_FAMILY = "1,2";
			};
			name = Debug;
		};
		A40B77231FD943D200ED2CBB /* Release */ = {
			isa = XCBuildConfiguration;
			buildSettings = {
				ASSETCATALOG_COMPILER_APPICON_NAME = AppIcon;
				CODE_SIGN_STYLE = Automatic;
				DEVELOPMENT_TEAM = BZZD9JNU3F;
				INFOPLIST_FILE = "iOS_链式编程demo/Info.plist";
				LD_RUNPATH_SEARCH_PATHS = "$(inherited) @executable_path/Frameworks";
				PRODUCT_BUNDLE_IDENTIFIER = "com.gyd.iOS-----demo";
				PRODUCT_NAME = "$(TARGET_NAME)";
				TARGETED_DEVICE_FAMILY = "1,2";
			};
			name = Release;
		};
		A40B77251FD943D200ED2CBB /* Debug */ = {
			isa = XCBuildConfiguration;
			buildSettings = {
				BUNDLE_LOADER = "$(TEST_HOST)";
				CODE_SIGN_STYLE = Automatic;
				DEVELOPMENT_TEAM = BZZD9JNU3F;
				INFOPLIST_FILE = "iOS_链式编程demoTests/Info.plist";
				LD_RUNPATH_SEARCH_PATHS = "$(inherited) @executable_path/Frameworks @loader_path/Frameworks";
				PRODUCT_BUNDLE_IDENTIFIER = "com.gyd.iOS-----demoTests";
				PRODUCT_NAME = "$(TARGET_NAME)";
				TARGETED_DEVICE_FAMILY = "1,2";
				TEST_HOST = "$(BUILT_PRODUCTS_DIR)/iOS_链式编程demo.app/iOS_链式编程demo";
			};
			name = Debug;
		};
		A40B77261FD943D200ED2CBB /* Release */ = {
			isa = XCBuildConfiguration;
			buildSettings = {
				BUNDLE_LOADER = "$(TEST_HOST)";
				CODE_SIGN_STYLE = Automatic;
				DEVELOPMENT_TEAM = BZZD9JNU3F;
				INFOPLIST_FILE = "iOS_链式编程demoTests/Info.plist";
				LD_RUNPATH_SEARCH_PATHS = "$(inherited) @executable_path/Frameworks @loader_path/Frameworks";
				PRODUCT_BUNDLE_IDENTIFIER = "com.gyd.iOS-----demoTests";
				PRODUCT_NAME = "$(TARGET_NAME)";
				TARGETED_DEVICE_FAMILY = "1,2";
				TEST_HOST = "$(BUILT_PRODUCTS_DIR)/iOS_链式编程demo.app/iOS_链式编程demo";
			};
			name = Release;
		};
		A40B77281FD943D200ED2CBB /* Debug */ = {
			isa = XCBuildConfiguration;
			buildSettings = {
				CODE_SIGN_STYLE = Automatic;
				DEVELOPMENT_TEAM = BZZD9JNU3F;
				INFOPLIST_FILE = "iOS_链式编程demoUITests/Info.plist";
				LD_RUNPATH_SEARCH_PATHS = "$(inherited) @executable_path/Frameworks @loader_path/Frameworks";
				PRODUCT_BUNDLE_IDENTIFIER = "com.gyd.iOS-----demoUITests";
				PRODUCT_NAME = "$(TARGET_NAME)";
				TARGETED_DEVICE_FAMILY = "1,2";
				TEST_TARGET_NAME = "iOS_链式编程demo";
			};
			name = Debug;
		};
		A40B77291FD943D200ED2CBB /* Release */ = {
			isa = XCBuildConfiguration;
			buildSettings = {
				CODE_SIGN_STYLE = Automatic;
				DEVELOPMENT_TEAM = BZZD9JNU3F;
				INFOPLIST_FILE = "iOS_链式编程demoUITests/Info.plist";
				LD_RUNPATH_SEARCH_PATHS = "$(inherited) @executable_path/Frameworks @loader_path/Frameworks";
				PRODUCT_BUNDLE_IDENTIFIER = "com.gyd.iOS-----demoUITests";
				PRODUCT_NAME = "$(TARGET_NAME)";
				TARGETED_DEVICE_FAMILY = "1,2";
				TEST_TARGET_NAME = "iOS_链式编程demo";
			};
			name = Release;
		};
/* End XCBuildConfiguration section */

/* Begin XCConfigurationList section */
		A40B76F01FD943D200ED2CBB /* Build configuration list for PBXProject "iOS_链式编程demo" */ = {
			isa = XCConfigurationList;
			buildConfigurations = (
				A40B771F1FD943D200ED2CBB /* Debug */,
				A40B77201FD943D200ED2CBB /* Release */,
			);
			defaultConfigurationIsVisible = 0;
			defaultConfigurationName = Release;
		};
		A40B77211FD943D200ED2CBB /* Build configuration list for PBXNativeTarget "iOS_链式编程demo" */ = {
			isa = XCConfigurationList;
			buildConfigurations = (
				A40B77221FD943D200ED2CBB /* Debug */,
				A40B77231FD943D200ED2CBB /* Release */,
			);
			defaultConfigurationIsVisible = 0;
			defaultConfigurationName = Release;
		};
		A40B77241FD943D200ED2CBB /* Build configuration list for PBXNativeTarget "iOS_链式编程demoTests" */ = {
			isa = XCConfigurationList;
			buildConfigurations = (
				A40B77251FD943D200ED2CBB /* Debug */,
				A40B77261FD943D200ED2CBB /* Release */,
			);
			defaultConfigurationIsVisible = 0;
			defaultConfigurationName = Release;
		};
		A40B77271FD943D200ED2CBB /* Build configuration list for PBXNativeTarget "iOS_链式编程demoUITests" */ = {
			isa = XCConfigurationList;
			buildConfigurations = (
				A40B77281FD943D200ED2CBB /* Debug */,
				A40B77291FD943D200ED2CBB /* Release */,
			);
			defaultConfigurationIsVisible = 0;
			defaultConfigurationName = Release;
		};
/* End XCConfigurationList section */
	};
	rootObject = A40B76ED1FD943D200ED2CBB /* Project object */;
}
